// !$*UTF8*$!
{
	archiveVersion = 1;
	classes = {
	};
	objectVersion = 51;
	objects = {

/* Begin PBXBuildFile section */
		382CEA4026125E6000DC78BC /* Assets.xcassets in Resources */ = {isa = PBXBuildFile; fileRef = 382CEA3F26125E6000DC78BC /* Assets.xcassets */; };
		382CEA4326125E6000DC78BC /* LaunchScreen.storyboard in Resources */ = {isa = PBXBuildFile; fileRef = 382CEA4126125E6000DC78BC /* LaunchScreen.storyboard */; };
		382CEA7726125F2A00DC78BC /* DetailViewController.swift in Sources */ = {isa = PBXBuildFile; fileRef = 382CEA5E26125F2900DC78BC /* DetailViewController.swift */; };
		382CEA7826125F2A00DC78BC /* ViewController.swift in Sources */ = {isa = PBXBuildFile; fileRef = 382CEA5F26125F2900DC78BC /* ViewController.swift */; };
		382CEA7926125F2A00DC78BC /* AppDelegate.swift in Sources */ = {isa = PBXBuildFile; fileRef = 382CEA6026125F2900DC78BC /* AppDelegate.swift */; };
		382CEA7A26125F2A00DC78BC /* StockDataCell.xib in Resources */ = {isa = PBXBuildFile; fileRef = 382CEA6126125F2900DC78BC /* StockDataCell.xib */; };
		382CEA7B26125F2A00DC78BC /* SwiftStockKit.swift in Sources */ = {isa = PBXBuildFile; fileRef = 382CEA6226125F2900DC78BC /* SwiftStockKit.swift */; };
		382CEA7C26125F2A00DC78BC /* Main.storyboard in Resources */ = {isa = PBXBuildFile; fileRef = 382CEA6326125F2900DC78BC /* Main.storyboard */; };
		382CEA7D26125F2A00DC78BC /* ChartView.xib in Resources */ = {isa = PBXBuildFile; fileRef = 382CEA6426125F2900DC78BC /* ChartView.xib */; };
		382CEA7E26125F2A00DC78BC /* StockCell.xib in Resources */ = {isa = PBXBuildFile; fileRef = 382CEA6526125F2900DC78BC /* StockCell.xib */; };
		382CEA7F26125F2A00DC78BC /* StockDataCell.swift in Sources */ = {isa = PBXBuildFile; fileRef = 382CEA6626125F2900DC78BC /* StockDataCell.swift */; };
		382CEA8026125F2A00DC78BC /* ChartView.swift in Sources */ = {isa = PBXBuildFile; fileRef = 382CEA6726125F2A00DC78BC /* ChartView.swift */; };
		382CEA8126125F2A00DC78BC /* StockCell.swift in Sources */ = {isa = PBXBuildFile; fileRef = 382CEA6826125F2A00DC78BC /* StockCell.swift */; };
		382CEA882612879100DC78BC /* SwiftStockChart.swift in Sources */ = {isa = PBXBuildFile; fileRef = 382CEA872612879100DC78BC /* SwiftStockChart.swift */; };
		7D33554B84AC3A560094EE97 /* Pods_StockTrade.framework in Frameworks */ = {isa = PBXBuildFile; fileRef = EC980AD396C3F2EC6D845720 /* Pods_StockTrade.framework */; };
/* End PBXBuildFile section */

/* Begin PBXFileReference section */
		382CEA3326125E5D00DC78BC /* StockTrade.app */ = {isa = PBXFileReference; explicitFileType = wrapper.application; includeInIndex = 0; path = StockTrade.app; sourceTree = BUILT_PRODUCTS_DIR; };
		382CEA3F26125E6000DC78BC /* Assets.xcassets */ = {isa = PBXFileReference; lastKnownFileType = folder.assetcatalog; path = Assets.xcassets; sourceTree = "<group>"; };
		382CEA4226125E6000DC78BC /* Base */ = {isa = PBXFileReference; lastKnownFileType = file.storyboard; name = Base; path = Base.lproj/LaunchScreen.storyboard; sourceTree = "<group>"; };
		382CEA4426125E6000DC78BC /* Info.plist */ = {isa = PBXFileReference; lastKnownFileType = text.plist.xml; path = Info.plist; sourceTree = "<group>"; };
		382CEA4C26125F2800DC78BC /* StockTrade-Bridging-Header.h */ = {isa = PBXFileReference; lastKnownFileType = sourcecode.c.h; path = "StockTrade-Bridging-Header.h"; sourceTree = "<group>"; };
		382CEA5E26125F2900DC78BC /* DetailViewController.swift */ = {isa = PBXFileReference; fileEncoding = 4; lastKnownFileType = sourcecode.swift; path = DetailViewController.swift; sourceTree = "<group>"; };
		382CEA5F26125F2900DC78BC /* ViewController.swift */ = {isa = PBXFileReference; fileEncoding = 4; lastKnownFileType = sourcecode.swift; path = ViewController.swift; sourceTree = "<group>"; };
		382CEA6026125F2900DC78BC /* AppDelegate.swift */ = {isa = PBXFileReference; fileEncoding = 4; lastKnownFileType = sourcecode.swift; path = AppDelegate.swift; sourceTree = "<group>"; };
		382CEA6126125F2900DC78BC /* StockDataCell.xib */ = {isa = PBXFileReference; fileEncoding = 4; lastKnownFileType = file.xib; path = StockDataCell.xib; sourceTree = "<group>"; };
		382CEA6226125F2900DC78BC /* SwiftStockKit.swift */ = {isa = PBXFileReference; fileEncoding = 4; lastKnownFileType = sourcecode.swift; path = SwiftStockKit.swift; sourceTree = "<group>"; };
		382CEA6326125F2900DC78BC /* Main.storyboard */ = {isa = PBXFileReference; fileEncoding = 4; lastKnownFileType = file.storyboard; path = Main.storyboard; sourceTree = "<group>"; };
		382CEA6426125F2900DC78BC /* ChartView.xib */ = {isa = PBXFileReference; fileEncoding = 4; lastKnownFileType = file.xib; path = ChartView.xib; sourceTree = "<group>"; };
		382CEA6526125F2900DC78BC /* StockCell.xib */ = {isa = PBXFileReference; fileEncoding = 4; lastKnownFileType = file.xib; path = StockCell.xib; sourceTree = "<group>"; };
		382CEA6626125F2900DC78BC /* StockDataCell.swift */ = {isa = PBXFileReference; fileEncoding = 4; lastKnownFileType = sourcecode.swift; path = StockDataCell.swift; sourceTree = "<group>"; };
		382CEA6726125F2A00DC78BC /* ChartView.swift */ = {isa = PBXFileReference; fileEncoding = 4; lastKnownFileType = sourcecode.swift; path = ChartView.swift; sourceTree = "<group>"; };
		382CEA6826125F2A00DC78BC /* StockCell.swift */ = {isa = PBXFileReference; fileEncoding = 4; lastKnownFileType = sourcecode.swift; path = StockCell.swift; sourceTree = "<group>"; };
		382CEA872612879100DC78BC /* SwiftStockChart.swift */ = {isa = PBXFileReference; lastKnownFileType = sourcecode.swift; path = SwiftStockChart.swift; sourceTree = "<group>"; };
		7598B3D53104519BB71E0859 /* Pods-StockTrade.debug.xcconfig */ = {isa = PBXFileReference; includeInIndex = 1; lastKnownFileType = text.xcconfig; name = "Pods-StockTrade.debug.xcconfig"; path = "Target Support Files/Pods-StockTrade/Pods-StockTrade.debug.xcconfig"; sourceTree = "<group>"; };
		E5E15860E9D447CFD83D3E95 /* Pods-StockTrade.release.xcconfig */ = {isa = PBXFileReference; includeInIndex = 1; lastKnownFileType = text.xcconfig; name = "Pods-StockTrade.release.xcconfig"; path = "Target Support Files/Pods-StockTrade/Pods-StockTrade.release.xcconfig"; sourceTree = "<group>"; };
		EC980AD396C3F2EC6D845720 /* Pods_StockTrade.framework */ = {isa = PBXFileReference; explicitFileType = wrapper.framework; includeInIndex = 0; path = Pods_StockTrade.framework; sourceTree = BUILT_PRODUCTS_DIR; };
/* End PBXFileReference section */

/* Begin PBXFrameworksBuildPhase section */
		382CEA3026125E5D00DC78BC /* Frameworks */ = {
			isa = PBXFrameworksBuildPhase;
			buildActionMask = 2147483647;
			files = (
				7D33554B84AC3A560094EE97 /* Pods_StockTrade.framework in Frameworks */,
			);
			runOnlyForDeploymentPostprocessing = 0;
		};
/* End PBXFrameworksBuildPhase section */

/* Begin PBXGroup section */
		10B42B8F7DD322C739AEBDC0 /* Frameworks */ = {
			isa = PBXGroup;
			children = (
				EC980AD396C3F2EC6D845720 /* Pods_StockTrade.framework */,
			);
			name = Frameworks;
			sourceTree = "<group>";
		};
		382CEA2A26125E5D00DC78BC = {
			isa = PBXGroup;
			children = (
				382CEA3526125E5D00DC78BC /* StockTrade */,
				382CEA3426125E5D00DC78BC /* Products */,
				A65D11C4A2BE677F25F19FC3 /* Pods */,
				10B42B8F7DD322C739AEBDC0 /* Frameworks */,
			);
			sourceTree = "<group>";
		};
		382CEA3426125E5D00DC78BC /* Products */ = {
			isa = PBXGroup;
			children = (
				382CEA3326125E5D00DC78BC /* StockTrade.app */,
			);
			name = Products;
			sourceTree = "<group>";
		};
		382CEA3526125E5D00DC78BC /* StockTrade */ = {
			isa = PBXGroup;
			children = (
				382CEA6026125F2900DC78BC /* AppDelegate.swift */,
				382CEA6726125F2A00DC78BC /* ChartView.swift */,
				382CEA6426125F2900DC78BC /* ChartView.xib */,
				382CEA5E26125F2900DC78BC /* DetailViewController.swift */,
				382CEA6326125F2900DC78BC /* Main.storyboard */,
				382CEA6826125F2A00DC78BC /* StockCell.swift */,
				382CEA6526125F2900DC78BC /* StockCell.xib */,
				382CEA6626125F2900DC78BC /* StockDataCell.swift */,
				382CEA6126125F2900DC78BC /* StockDataCell.xib */,
				382CEA6226125F2900DC78BC /* SwiftStockKit.swift */,
				382CEA872612879100DC78BC /* SwiftStockChart.swift */,
				382CEA5F26125F2900DC78BC /* ViewController.swift */,
				382CEA3F26125E6000DC78BC /* Assets.xcassets */,
				382CEA4126125E6000DC78BC /* LaunchScreen.storyboard */,
				382CEA4426125E6000DC78BC /* Info.plist */,
				382CEA4C26125F2800DC78BC /* StockTrade-Bridging-Header.h */,
			);
			path = StockTrade;
			sourceTree = "<group>";
		};
		A65D11C4A2BE677F25F19FC3 /* Pods */ = {
			isa = PBXGroup;
			children = (
				7598B3D53104519BB71E0859 /* Pods-StockTrade.debug.xcconfig */,
				E5E15860E9D447CFD83D3E95 /* Pods-StockTrade.release.xcconfig */,
			);
			path = Pods;
			sourceTree = "<group>";
		};
/* End PBXGroup section */

/* Begin PBXNativeTarget section */
		382CEA3226125E5D00DC78BC /* StockTrade */ = {
			isa = PBXNativeTarget;
			buildConfigurationList = 382CEA4726125E6000DC78BC /* Build configuration list for PBXNativeTarget "StockTrade" */;
			buildPhases = (
				ECF6C969E597C736D84CF33A /* [CP] Check Pods Manifest.lock */,
				382CEA2F26125E5D00DC78BC /* Sources */,
				382CEA3026125E5D00DC78BC /* Frameworks */,
				382CEA3126125E5D00DC78BC /* Resources */,
				68035C9AF7D00C50A41E965B /* [CP] Embed Pods Frameworks */,
			);
			buildRules = (
			);
			dependencies = (
			);
			name = StockTrade;
			productName = StockTrade;
			productReference = 382CEA3326125E5D00DC78BC /* StockTrade.app */;
			productType = "com.apple.product-type.application";
		};
/* End PBXNativeTarget section */

/* Begin PBXProject section */
		382CEA2B26125E5D00DC78BC /* Project object */ = {
			isa = PBXProject;
			attributes = {
				LastSwiftUpdateCheck = 1240;
				LastUpgradeCheck = 1240;
				TargetAttributes = {
					382CEA3226125E5D00DC78BC = {
						CreatedOnToolsVersion = 12.4;
						LastSwiftMigration = 1240;
					};
				};
			};
			buildConfigurationList = 382CEA2E26125E5D00DC78BC /* Build configuration list for PBXProject "StockTrade" */;
			compatibilityVersion = "Xcode 9.3";
			developmentRegion = en;
			hasScannedForEncodings = 0;
			knownRegions = (
				en,
				Base,
			);
			mainGroup = 382CEA2A26125E5D00DC78BC;
			productRefGroup = 382CEA3426125E5D00DC78BC /* Products */;
			projectDirPath = "";
			projectRoot = "";
			targets = (
				382CEA3226125E5D00DC78BC /* StockTrade */,
			);
		};
/* End PBXProject section */

/* Begin PBXResourcesBuildPhase section */
		382CEA3126125E5D00DC78BC /* Resources */ = {
			isa = PBXResourcesBuildPhase;
			buildActionMask = 2147483647;
			files = (
				382CEA7D26125F2A00DC78BC /* ChartView.xib in Resources */,
				382CEA4326125E6000DC78BC /* LaunchScreen.storyboard in Resources */,
				382CEA7C26125F2A00DC78BC /* Main.storyboard in Resources */,
				382CEA7E26125F2A00DC78BC /* StockCell.xib in Resources */,
				382CEA7A26125F2A00DC78BC /* StockDataCell.xib in Resources */,
				382CEA4026125E6000DC78BC /* Assets.xcassets in Resources */,
			);
			runOnlyForDeploymentPostprocessing = 0;
		};
/* End PBXResourcesBuildPhase section */

/* Begin PBXShellScriptBuildPhase section */
		68035C9AF7D00C50A41E965B /* [CP] Embed Pods Frameworks */ = {
			isa = PBXShellScriptBuildPhase;
			buildActionMask = 2147483647;
			files = (
			);
			inputFileListPaths = (
				"${PODS_ROOT}/Target Support Files/Pods-StockTrade/Pods-StockTrade-frameworks-${CONFIGURATION}-input-files.xcfilelist",
			);
			name = "[CP] Embed Pods Frameworks";
			outputFileListPaths = (
				"${PODS_ROOT}/Target Support Files/Pods-StockTrade/Pods-StockTrade-frameworks-${CONFIGURATION}-output-files.xcfilelist",
			);
			runOnlyForDeploymentPostprocessing = 0;
			shellPath = /bin/sh;
			shellScript = "\"${PODS_ROOT}/Target Support Files/Pods-StockTrade/Pods-StockTrade-frameworks.sh\"\n";
			showEnvVarsInLog = 0;
		};
		ECF6C969E597C736D84CF33A /* [CP] Check Pods Manifest.lock */ = {
			isa = PBXShellScriptBuildPhase;
			buildActionMask = 2147483647;
			files = (
			);
			inputFileListPaths = (
			);
			inputPaths = (
				"${PODS_PODFILE_DIR_PATH}/Podfile.lock",
				"${PODS_ROOT}/Manifest.lock",
			);
			name = "[CP] Check Pods Manifest.lock";
			outputFileListPaths = (
			);
			outputPaths = (
				"$(DERIVED_FILE_DIR)/Pods-StockTrade-checkManifestLockResult.txt",
			);
			runOnlyForDeploymentPostprocessing = 0;
			shellPath = /bin/sh;
			shellScript = "diff \"${PODS_PODFILE_DIR_PATH}/Podfile.lock\" \"${PODS_ROOT}/Manifest.lock\" > /dev/null\nif [ $? != 0 ] ; then\n    # print error to STDERR\n    echo \"error: The sandbox is not in sync with the Podfile.lock. Run 'pod install' or update your CocoaPods installation.\" >&2\n    exit 1\nfi\n# This output is used by Xcode 'outputs' to avoid re-running this script phase.\necho \"SUCCESS\" > \"${SCRIPT_OUTPUT_FILE_0}\"\n";
			showEnvVarsInLog = 0;
		};
/* End PBXShellScriptBuildPhase section */

/* Begin PBXSourcesBuildPhase section */
		382CEA2F26125E5D00DC78BC /* Sources */ = {
			isa = PBXSourcesBuildPhase;
			buildActionMask = 2147483647;
			files = (
				382CEA8026125F2A00DC78BC /* ChartView.swift in Sources */,
				382CEA8126125F2A00DC78BC /* StockCell.swift in Sources */,
				382CEA7826125F2A00DC78BC /* ViewController.swift in Sources */,
				382CEA882612879100DC78BC /* SwiftStockChart.swift in Sources */,
				382CEA7B26125F2A00DC78BC /* SwiftStockKit.swift in Sources */,
				382CEA7F26125F2A00DC78BC /* StockDataCell.swift in Sources */,
				382CEA7926125F2A00DC78BC /* AppDelegate.swift in Sources */,
				382CEA7726125F2A00DC78BC /* DetailViewController.swift in Sources */,
			);
			runOnlyForDeploymentPostprocessing = 0;
		};
/* End PBXSourcesBuildPhase section */

/* Begin PBXVariantGroup section */
		382CEA4126125E6000DC78BC /* LaunchScreen.storyboard */ = {
			isa = PBXVariantGroup;
			children = (
				382CEA4226125E6000DC78BC /* Base */,
			);
			name = LaunchScreen.storyboard;
			sourceTree = "<group>";
		};
/* End PBXVariantGroup section */

/* Begin XCBuildConfiguration section */
		382CEA4526125E6000DC78BC /* Debug */ = {
			isa = XCBuildConfiguration;
			buildSettings = {
				ALWAYS_SEARCH_USER_PATHS = NO;
				CLANG_ANALYZER_NONNULL = YES;
				CLANG_ANALYZER_NUMBER_OBJECT_CONVERSION = YES_AGGRESSIVE;
				CLANG_CXX_LANGUAGE_STANDARD = "gnu++14";
				CLANG_CXX_LIBRARY = "libc++";
				CLANG_ENABLE_MODULES = YES;
				CLANG_ENABLE_OBJC_ARC = YES;
				CLANG_ENABLE_OBJC_WEAK = YES;
				CLANG_WARN_BLOCK_CAPTURE_AUTORELEASING = YES;
				CLANG_WARN_BOOL_CONVERSION = YES;
				CLANG_WARN_COMMA = YES;
				CLANG_WARN_CONSTANT_CONVERSION = YES;
				CLANG_WARN_DEPRECATED_OBJC_IMPLEMENTATIONS = YES;
				CLANG_WARN_DIRECT_OBJC_ISA_USAGE = YES_ERROR;
				CLANG_WARN_DOCUMENTATION_COMMENTS = YES;
				CLANG_WARN_EMPTY_BODY = YES;
				CLANG_WARN_ENUM_CONVERSION = YES;
				CLANG_WARN_INFINITE_RECURSION = YES;
				CLANG_WARN_INT_CONVERSION = YES;
				CLANG_WARN_NON_LITERAL_NULL_CONVERSION = YES;
				CLANG_WARN_OBJC_IMPLICIT_RETAIN_SELF = YES;
				CLANG_WARN_OBJC_LITERAL_CONVERSION = YES;
				CLANG_WARN_OBJC_ROOT_CLASS = YES_ERROR;
				CLANG_WARN_QUOTED_INCLUDE_IN_FRAMEWORK_HEADER = YES;
				CLANG_WARN_RANGE_LOOP_ANALYSIS = YES;
				CLANG_WARN_STRICT_PROTOTYPES = YES;
				CLANG_WARN_SUSPICIOUS_MOVE = YES;
				CLANG_WARN_UNGUARDED_AVAILABILITY = YES_AGGRESSIVE;
				CLANG_WARN_UNREACHABLE_CODE = YES;
				CLANG_WARN__DUPLICATE_METHOD_MATCH = YES;
				COPY_PHASE_STRIP = NO;
				DEBUG_INFORMATION_FORMAT = dwarf;
				ENABLE_STRICT_OBJC_MSGSEND = YES;
				ENABLE_TESTABILITY = YES;
				GCC_C_LANGUAGE_STANDARD = gnu11;
				GCC_DYNAMIC_NO_PIC = NO;
				GCC_NO_COMMON_BLOCKS = YES;
				GCC_OPTIMIZATION_LEVEL = 0;
				GCC_PREPROCESSOR_DEFINITIONS = (
					"DEBUG=1",
					"$(inherited)",
				);
				GCC_WARN_64_TO_32_BIT_CONVERSION = YES;
				GCC_WARN_ABOUT_RETURN_TYPE = YES_ERROR;
				GCC_WARN_UNDECLARED_SELECTOR = YES;
				GCC_WARN_UNINITIALIZED_AUTOS = YES_AGGRESSIVE;
				GCC_WARN_UNUSED_FUNCTION = YES;
				GCC_WARN_UNUSED_VARIABLE = YES;
				IPHONEOS_DEPLOYMENT_TARGET = 14.4;
				MTL_ENABLE_DEBUG_INFO = INCLUDE_SOURCE;
				MTL_FAST_MATH = YES;
				ONLY_ACTIVE_ARCH = YES;
				SDKROOT = iphoneos;
				SWIFT_ACTIVE_COMPILATION_CONDITIONS = DEBUG;
				SWIFT_OPTIMIZATION_LEVEL = "-Onone";
			};
			name = Debug;
		};
		382CEA4626125E6000DC78BC /* Release */ = {
			isa = XCBuildConfiguration;
			buildSettings = {
				ALWAYS_SEARCH_USER_PATHS = NO;
				CLANG_ANALYZER_NONNULL = YES;
				CLANG_ANALYZER_NUMBER_OBJECT_CONVERSION = YES_AGGRESSIVE;
				CLANG_CXX_LANGUAGE_STANDARD = "gnu++14";
				CLANG_CXX_LIBRARY = "libc++";
				CLANG_ENABLE_MODULES = YES;
				CLANG_ENABLE_OBJC_ARC = YES;
				CLANG_ENABLE_OBJC_WEAK = YES;
				CLANG_WARN_BLOCK_CAPTURE_AUTORELEASING = YES;
				CLANG_WARN_BOOL_CONVERSION = YES;
				CLANG_WARN_COMMA = YES;
				CLANG_WARN_CONSTANT_CONVERSION = YES;
				CLANG_WARN_DEPRECATED_OBJC_IMPLEMENTATIONS = YES;
				CLANG_WARN_DIRECT_OBJC_ISA_USAGE = YES_ERROR;
				CLANG_WARN_DOCUMENTATION_COMMENTS = YES;
				CLANG_WARN_EMPTY_BODY = YES;
				CLANG_WARN_ENUM_CONVERSION = YES;
				CLANG_WARN_INFINITE_RECURSION = YES;
				CLANG_WARN_INT_CONVERSION = YES;
				CLANG_WARN_NON_LITERAL_NULL_CONVERSION = YES;
				CLANG_WARN_OBJC_IMPLICIT_RETAIN_SELF = YES;
				CLANG_WARN_OBJC_LITERAL_CONVERSION = YES;
				CLANG_WARN_OBJC_ROOT_CLASS = YES_ERROR;
				CLANG_WARN_QUOTED_INCLUDE_IN_FRAMEWORK_HEADER = YES;
				CLANG_WARN_RANGE_LOOP_ANALYSIS = YES;
				CLANG_WARN_STRICT_PROTOTYPES = YES;
				CLANG_WARN_SUSPICIOUS_MOVE = YES;
				CLANG_WARN_UNGUARDED_AVAILABILITY = YES_AGGRESSIVE;
				CLANG_WARN_UNREACHABLE_CODE = YES;
				CLANG_WARN__DUPLICATE_METHOD_MATCH = YES;
				COPY_PHASE_STRIP = NO;
				DEBUG_INFORMATION_FORMAT = "dwarf-with-dsym";
				ENABLE_NS_ASSERTIONS = NO;
				ENABLE_STRICT_OBJC_MSGSEND = YES;
				GCC_C_LANGUAGE_STANDARD = gnu11;
				GCC_NO_COMMON_BLOCKS = YES;
				GCC_WARN_64_TO_32_BIT_CONVERSION = YES;
				GCC_WARN_ABOUT_RETURN_TYPE = YES_ERROR;
				GCC_WARN_UNDECLARED_SELECTOR = YES;
				GCC_WARN_UNINITIALIZED_AUTOS = YES_AGGRESSIVE;
				GCC_WARN_UNUSED_FUNCTION = YES;
				GCC_WARN_UNUSED_VARIABLE = YES;
				IPHONEOS_DEPLOYMENT_TARGET = 14.4;
				MTL_ENABLE_DEBUG_INFO = NO;
				MTL_FAST_MATH = YES;
				SDKROOT = iphoneos;
				SWIFT_COMPILATION_MODE = wholemodule;
				SWIFT_OPTIMIZATION_LEVEL = "-O";
				VALIDATE_PRODUCT = YES;
			};
			name = Release;
		};
		382CEA4826125E6000DC78BC /* Debug */ = {
			isa = XCBuildConfiguration;
			baseConfigurationReference = 7598B3D53104519BB71E0859 /* Pods-StockTrade.debug.xcconfig */;
			buildSettings = {
				ASSETCATALOG_COMPILER_APPICON_NAME = AppIcon;
				ASSETCATALOG_COMPILER_GLOBAL_ACCENT_COLOR_NAME = AccentColor;
				CLANG_ENABLE_MODULES = YES;
				CODE_SIGN_STYLE = Automatic;
				DEVELOPMENT_TEAM = GW4VQUFY73;
				INFOPLIST_FILE = StockTrade/Info.plist;
				LD_RUNPATH_SEARCH_PATHS = (
					"$(inherited)",
					"@executable_path/Frameworks",
				);
				PRODUCT_BUNDLE_IDENTIFIER = com.renchi.StockTrade;
				PRODUCT_NAME = "$(TARGET_NAME)";
				SWIFT_OBJC_BRIDGING_HEADER = "StockTrade/StockTrade-Bridging-Header.h";
				SWIFT_OPTIMIZATION_LEVEL = "-Onone";
				SWIFT_VERSION = 5.0;
				TARGETED_DEVICE_FAMILY = "1,2";
			};
			name = Debug;
		};
		382CEA4926125E6000DC78BC /* Release */ = {
			isa = XCBuildConfiguration;
			baseConfigurationReference = E5E15860E9D447CFD83D3E95 /* Pods-StockTrade.release.xcconfig */;
			buildSettings = {
				ASSETCATALOG_COMPILER_APPICON_NAME = AppIcon;
				ASSETCATALOG_COMPILER_GLOBAL_ACCENT_COLOR_NAME = AccentColor;
				CLANG_ENABLE_MODULES = YES;
				CODE_SIGN_STYLE = Automatic;
				DEVELOPMENT_TEAM = GW4VQUFY73;
				INFOPLIST_FILE = StockTrade/Info.plist;
				LD_RUNPATH_SEARCH_PATHS = (
					"$(inherited)",
					"@executable_path/Frameworks",
				);
				PRODUCT_BUNDLE_IDENTIFIER = com.renchi.StockTrade;
				PRODUCT_NAME = "$(TARGET_NAME)";
				SWIFT_OBJC_BRIDGING_HEADER = "StockTrade/StockTrade-Bridging-Header.h";
				SWIFT_VERSION = 5.0;
				TARGETED_DEVICE_FAMILY = "1,2";
			};
			name = Release;
		};
/* End XCBuildConfiguration section */

/* Begin XCConfigurationList section */
		382CEA2E26125E5D00DC78BC /* Build configuration list for PBXProject "StockTrade" */ = {
			isa = XCConfigurationList;
			buildConfigurations = (
				382CEA4526125E6000DC78BC /* Debug */,
				382CEA4626125E6000DC78BC /* Release */,
			);
			defaultConfigurationIsVisible = 0;
			defaultConfigurationName = Release;
		};
		382CEA4726125E6000DC78BC /* Build configuration list for PBXNativeTarget "StockTrade" */ = {
			isa = XCConfigurationList;
			buildConfigurations = (
				382CEA4826125E6000DC78BC /* Debug */,
				382CEA4926125E6000DC78BC /* Release */,
			);
			defaultConfigurationIsVisible = 0;
			defaultConfigurationName = Release;
		};
/* End XCConfigurationList section */
	};
	rootObject = 382CEA2B26125E5D00DC78BC /* Project object */;
}
